
Microsoft Visual Studio Solution File, Format Version 12.00
# Visual Studio Version 17
VisualStudioVersion = 17.2.32616.157
MinimumVisualStudioVersion = 10.0.40219.1
Project("{FAE04EC0-301F-11D3-BF4B-00C04F79EFBC}") = "oopders40112", "oopders40112\oopders40112.csproj", "{041C596E-4468-493F-B415-82025D74A781}"
EndProject
Global
	GlobalSection(SolutionConfigurationPlatforms) = preSolution
		Debug|Any CPU = Debug|Any CPU
		Release|Any CPU = Release|Any CPU
	EndGlobalSection
	GlobalSection(ProjectConfigurationPlatforms) = postSolution
		{041C596E-4468-493F-B415-82025D74A781}.Debug|Any CPU.ActiveCfg = Debug|Any CPU
		{041C596E-4468-493F-B415-82025D74A781}.Debug|Any CPU.Build.0 = Debug|Any CPU
		{041C596E-4468-493F-B415-82025D74A781}.Release|Any CPU.ActiveCfg = Release|Any CPU
		{041C596E-4468-493F-B415-82025D74A781}.Release|Any CPU.Build.0 = Release|Any CPU
	EndGlobalSection
	GlobalSection(SolutionProperties) = preSolution
		HideSolutionNode = FALSE
	EndGlobalSection
	GlobalSection(ExtensibilityGlobals) = postSolution
		SolutionGuid = {AC83151E-275C-47CF-BD7B-E908D9BD4F4C}
	EndGlobalSection
EndGlobal
