
Microsoft Visual Studio Solution File, Format Version 12.00
# Visual Studio Version 16
VisualStudioVersion = 16.0.33214.272
MinimumVisualStudioVersion = 10.0.40219.1
Project("{FAE04EC0-301F-11D3-BF4B-00C04F79EFBC}") = "WinForm04", "WinForm04\WinForm04.csproj", "{55FE1D5E-56E9-41EE-81C3-612C277645B9}"
EndProject
Global
	GlobalSection(SolutionConfigurationPlatforms) = preSolution
		Debug|Any CPU = Debug|Any CPU
		Release|Any CPU = Release|Any CPU
	EndGlobalSection
	GlobalSection(ProjectConfigurationPlatforms) = postSolution
		{55FE1D5E-56E9-41EE-81C3-612C277645B9}.Debug|Any CPU.ActiveCfg = Debug|Any CPU
		{55FE1D5E-56E9-41EE-81C3-612C277645B9}.Debug|Any CPU.Build.0 = Debug|Any CPU
		{55FE1D5E-56E9-41EE-81C3-612C277645B9}.Release|Any CPU.ActiveCfg = Release|Any CPU
		{55FE1D5E-56E9-41EE-81C3-612C277645B9}.Release|Any CPU.Build.0 = Release|Any CPU
	EndGlobalSection
	GlobalSection(SolutionProperties) = preSolution
		HideSolutionNode = FALSE
	EndGlobalSection
	GlobalSection(ExtensibilityGlobals) = postSolution
		SolutionGuid = {5B7FB828-8A4B-4C29-B9BA-B7D5CCC82E41}
	EndGlobalSection
EndGlobal
