
Microsoft Visual Studio Solution File, Format Version 12.00
# Visual Studio Version 17
VisualStudioVersion = 17.4.33122.133
MinimumVisualStudioVersion = 10.0.40219.1
Project("{FAE04EC0-301F-11D3-BF4B-00C04F79EFBC}") = "newswitchcaseyapilar0912", "newswitchcaseyapilar0912\newswitchcaseyapilar0912.csproj", "{C0165771-0ADF-40FA-A199-91C2AD58B5DD}"
EndProject
Global
	GlobalSection(SolutionConfigurationPlatforms) = preSolution
		Debug|Any CPU = Debug|Any CPU
		Release|Any CPU = Release|Any CPU
	EndGlobalSection
	GlobalSection(ProjectConfigurationPlatforms) = postSolution
		{C0165771-0ADF-40FA-A199-91C2AD58B5DD}.Debug|Any CPU.ActiveCfg = Debug|Any CPU
		{C0165771-0ADF-40FA-A199-91C2AD58B5DD}.Debug|Any CPU.Build.0 = Debug|Any CPU
		{C0165771-0ADF-40FA-A199-91C2AD58B5DD}.Release|Any CPU.ActiveCfg = Release|Any CPU
		{C0165771-0ADF-40FA-A199-91C2AD58B5DD}.Release|Any CPU.Build.0 = Release|Any CPU
	EndGlobalSection
	GlobalSection(SolutionProperties) = preSolution
		HideSolutionNode = FALSE
	EndGlobalSection
	GlobalSection(ExtensibilityGlobals) = postSolution
		SolutionGuid = {3089EF41-9304-4308-BD21-B62E7BDF86AA}
	EndGlobalSection
EndGlobal
