
Microsoft Visual Studio Solution File, Format Version 12.00
# Visual Studio Version 17
VisualStudioVersion = 17.4.33122.133
MinimumVisualStudioVersion = 10.0.40219.1
Project("{FAE04EC0-301F-11D3-BF4B-00C04F79EFBC}") = "particalclass", "particalclass\particalclass.csproj", "{4CC3F741-5900-4C22-B979-FE594FEE064A}"
EndProject
Global
	GlobalSection(SolutionConfigurationPlatforms) = preSolution
		Debug|Any CPU = Debug|Any CPU
		Release|Any CPU = Release|Any CPU
	EndGlobalSection
	GlobalSection(ProjectConfigurationPlatforms) = postSolution
		{4CC3F741-5900-4C22-B979-FE594FEE064A}.Debug|Any CPU.ActiveCfg = Debug|Any CPU
		{4CC3F741-5900-4C22-B979-FE594FEE064A}.Debug|Any CPU.Build.0 = Debug|Any CPU
		{4CC3F741-5900-4C22-B979-FE594FEE064A}.Release|Any CPU.ActiveCfg = Release|Any CPU
		{4CC3F741-5900-4C22-B979-FE594FEE064A}.Release|Any CPU.Build.0 = Release|Any CPU
	EndGlobalSection
	GlobalSection(SolutionProperties) = preSolution
		HideSolutionNode = FALSE
	EndGlobalSection
	GlobalSection(ExtensibilityGlobals) = postSolution
		SolutionGuid = {C7DAB65E-1AFA-4F5A-8A15-AA750652E8F7}
	EndGlobalSection
EndGlobal
