
Microsoft Visual Studio Solution File, Format Version 12.00
# Visual Studio Version 17
VisualStudioVersion = 17.2.32616.157
MinimumVisualStudioVersion = 10.0.40219.1
Project("{FAE04EC0-301F-11D3-BF4B-00C04F79EFBC}") = "oop70212", "oop70212\oop70212.csproj", "{187F0320-441C-4725-A42E-F067F6F903B5}"
EndProject
Global
	GlobalSection(SolutionConfigurationPlatforms) = preSolution
		Debug|Any CPU = Debug|Any CPU
		Release|Any CPU = Release|Any CPU
	EndGlobalSection
	GlobalSection(ProjectConfigurationPlatforms) = postSolution
		{187F0320-441C-4725-A42E-F067F6F903B5}.Debug|Any CPU.ActiveCfg = Debug|Any CPU
		{187F0320-441C-4725-A42E-F067F6F903B5}.Debug|Any CPU.Build.0 = Debug|Any CPU
		{187F0320-441C-4725-A42E-F067F6F903B5}.Release|Any CPU.ActiveCfg = Release|Any CPU
		{187F0320-441C-4725-A42E-F067F6F903B5}.Release|Any CPU.Build.0 = Release|Any CPU
	EndGlobalSection
	GlobalSection(SolutionProperties) = preSolution
		HideSolutionNode = FALSE
	EndGlobalSection
	GlobalSection(ExtensibilityGlobals) = postSolution
		SolutionGuid = {612BC6A0-2D9F-4513-A793-7343B01755C4}
	EndGlobalSection
EndGlobal
