
Microsoft Visual Studio Solution File, Format Version 12.00
# Visual Studio Version 17
VisualStudioVersion = 17.2.32616.157
MinimumVisualStudioVersion = 10.0.40219.1
Project("{FAE04EC0-301F-11D3-BF4B-00C04F79EFBC}") = "oop6form0212", "oop6form0212\oop6form0212.csproj", "{3639EB43-2705-4878-A857-0EAC0F804F15}"
EndProject
Global
	GlobalSection(SolutionConfigurationPlatforms) = preSolution
		Debug|Any CPU = Debug|Any CPU
		Release|Any CPU = Release|Any CPU
	EndGlobalSection
	GlobalSection(ProjectConfigurationPlatforms) = postSolution
		{3639EB43-2705-4878-A857-0EAC0F804F15}.Debug|Any CPU.ActiveCfg = Debug|Any CPU
		{3639EB43-2705-4878-A857-0EAC0F804F15}.Debug|Any CPU.Build.0 = Debug|Any CPU
		{3639EB43-2705-4878-A857-0EAC0F804F15}.Release|Any CPU.ActiveCfg = Release|Any CPU
		{3639EB43-2705-4878-A857-0EAC0F804F15}.Release|Any CPU.Build.0 = Release|Any CPU
	EndGlobalSection
	GlobalSection(SolutionProperties) = preSolution
		HideSolutionNode = FALSE
	EndGlobalSection
	GlobalSection(ExtensibilityGlobals) = postSolution
		SolutionGuid = {BFB20166-48C0-4FF7-85BB-6075B7B09EF9}
	EndGlobalSection
EndGlobal
