
Microsoft Visual Studio Solution File, Format Version 12.00
# Visual Studio Version 17
VisualStudioVersion = 17.2.32616.157
MinimumVisualStudioVersion = 10.0.40219.1
Project("{FAE04EC0-301F-11D3-BF4B-00C04F79EFBC}") = "oop7form0212", "oop7form0212\oop7form0212.csproj", "{B456B198-E63E-4063-9A97-3F1AFA3E0577}"
EndProject
Global
	GlobalSection(SolutionConfigurationPlatforms) = preSolution
		Debug|Any CPU = Debug|Any CPU
		Release|Any CPU = Release|Any CPU
	EndGlobalSection
	GlobalSection(ProjectConfigurationPlatforms) = postSolution
		{B456B198-E63E-4063-9A97-3F1AFA3E0577}.Debug|Any CPU.ActiveCfg = Debug|Any CPU
		{B456B198-E63E-4063-9A97-3F1AFA3E0577}.Debug|Any CPU.Build.0 = Debug|Any CPU
		{B456B198-E63E-4063-9A97-3F1AFA3E0577}.Release|Any CPU.ActiveCfg = Release|Any CPU
		{B456B198-E63E-4063-9A97-3F1AFA3E0577}.Release|Any CPU.Build.0 = Release|Any CPU
	EndGlobalSection
	GlobalSection(SolutionProperties) = preSolution
		HideSolutionNode = FALSE
	EndGlobalSection
	GlobalSection(ExtensibilityGlobals) = postSolution
		SolutionGuid = {CC9DE322-1744-4624-ABED-D6359ED8C46F}
	EndGlobalSection
EndGlobal
