
Microsoft Visual Studio Solution File, Format Version 12.00
# Visual Studio Version 17
VisualStudioVersion = 17.4.33122.133
MinimumVisualStudioVersion = 10.0.40219.1
Project("{FAE04EC0-301F-11D3-BF4B-00C04F79EFBC}") = "geometriksekilmetot0612", "geometriksekilmetot0612\geometriksekilmetot0612.csproj", "{0C041A49-84D2-4D32-A2A7-1D7CA8A4A71E}"
EndProject
Global
	GlobalSection(SolutionConfigurationPlatforms) = preSolution
		Debug|Any CPU = Debug|Any CPU
		Release|Any CPU = Release|Any CPU
	EndGlobalSection
	GlobalSection(ProjectConfigurationPlatforms) = postSolution
		{0C041A49-84D2-4D32-A2A7-1D7CA8A4A71E}.Debug|Any CPU.ActiveCfg = Debug|Any CPU
		{0C041A49-84D2-4D32-A2A7-1D7CA8A4A71E}.Debug|Any CPU.Build.0 = Debug|Any CPU
		{0C041A49-84D2-4D32-A2A7-1D7CA8A4A71E}.Release|Any CPU.ActiveCfg = Release|Any CPU
		{0C041A49-84D2-4D32-A2A7-1D7CA8A4A71E}.Release|Any CPU.Build.0 = Release|Any CPU
	EndGlobalSection
	GlobalSection(SolutionProperties) = preSolution
		HideSolutionNode = FALSE
	EndGlobalSection
	GlobalSection(ExtensibilityGlobals) = postSolution
		SolutionGuid = {713675CA-AB0C-4D6A-B43C-10995B35D44D}
	EndGlobalSection
EndGlobal
