
Microsoft Visual Studio Solution File, Format Version 12.00
# Visual Studio Version 17
VisualStudioVersion = 17.2.32616.157
MinimumVisualStudioVersion = 10.0.40219.1
Project("{FAE04EC0-301F-11D3-BF4B-00C04F79EFBC}") = "oopders10112", "oopders10112\oopders10112.csproj", "{8A71E24C-E0A1-40E9-AA24-3DCA5F9FE3CE}"
EndProject
Global
	GlobalSection(SolutionConfigurationPlatforms) = preSolution
		Debug|Any CPU = Debug|Any CPU
		Release|Any CPU = Release|Any CPU
	EndGlobalSection
	GlobalSection(ProjectConfigurationPlatforms) = postSolution
		{8A71E24C-E0A1-40E9-AA24-3DCA5F9FE3CE}.Debug|Any CPU.ActiveCfg = Debug|Any CPU
		{8A71E24C-E0A1-40E9-AA24-3DCA5F9FE3CE}.Debug|Any CPU.Build.0 = Debug|Any CPU
		{8A71E24C-E0A1-40E9-AA24-3DCA5F9FE3CE}.Release|Any CPU.ActiveCfg = Release|Any CPU
		{8A71E24C-E0A1-40E9-AA24-3DCA5F9FE3CE}.Release|Any CPU.Build.0 = Release|Any CPU
	EndGlobalSection
	GlobalSection(SolutionProperties) = preSolution
		HideSolutionNode = FALSE
	EndGlobalSection
	GlobalSection(ExtensibilityGlobals) = postSolution
		SolutionGuid = {B5DA5637-91E4-4A01-AFF1-ED1CB7F4FF58}
	EndGlobalSection
EndGlobal
