
Microsoft Visual Studio Solution File, Format Version 12.00
# Visual Studio Version 17
VisualStudioVersion = 17.2.32616.157
MinimumVisualStudioVersion = 10.0.40219.1
Project("{FAE04EC0-301F-11D3-BF4B-00C04F79EFBC}") = "oop40112", "oop40112\oop40112.csproj", "{118B38D9-001E-4E07-8EFE-EDBB03C59547}"
EndProject
Global
	GlobalSection(SolutionConfigurationPlatforms) = preSolution
		Debug|Any CPU = Debug|Any CPU
		Release|Any CPU = Release|Any CPU
	EndGlobalSection
	GlobalSection(ProjectConfigurationPlatforms) = postSolution
		{118B38D9-001E-4E07-8EFE-EDBB03C59547}.Debug|Any CPU.ActiveCfg = Debug|Any CPU
		{118B38D9-001E-4E07-8EFE-EDBB03C59547}.Debug|Any CPU.Build.0 = Debug|Any CPU
		{118B38D9-001E-4E07-8EFE-EDBB03C59547}.Release|Any CPU.ActiveCfg = Release|Any CPU
		{118B38D9-001E-4E07-8EFE-EDBB03C59547}.Release|Any CPU.Build.0 = Release|Any CPU
	EndGlobalSection
	GlobalSection(SolutionProperties) = preSolution
		HideSolutionNode = FALSE
	EndGlobalSection
	GlobalSection(ExtensibilityGlobals) = postSolution
		SolutionGuid = {290526EC-B69C-47B4-BB6D-871A57172946}
	EndGlobalSection
EndGlobal
