
Microsoft Visual Studio Solution File, Format Version 12.00
# Visual Studio Version 16
VisualStudioVersion = 16.0.33214.272
MinimumVisualStudioVersion = 10.0.40219.1
Project("{FAE04EC0-301F-11D3-BF4B-00C04F79EFBC}") = "WinForm11", "WinForm11\WinForm11.csproj", "{67053345-7CEC-4DA3-A7B7-D747B8A60892}"
EndProject
Global
	GlobalSection(SolutionConfigurationPlatforms) = preSolution
		Debug|Any CPU = Debug|Any CPU
		Release|Any CPU = Release|Any CPU
	EndGlobalSection
	GlobalSection(ProjectConfigurationPlatforms) = postSolution
		{67053345-7CEC-4DA3-A7B7-D747B8A60892}.Debug|Any CPU.ActiveCfg = Debug|Any CPU
		{67053345-7CEC-4DA3-A7B7-D747B8A60892}.Debug|Any CPU.Build.0 = Debug|Any CPU
		{67053345-7CEC-4DA3-A7B7-D747B8A60892}.Release|Any CPU.ActiveCfg = Release|Any CPU
		{67053345-7CEC-4DA3-A7B7-D747B8A60892}.Release|Any CPU.Build.0 = Release|Any CPU
	EndGlobalSection
	GlobalSection(SolutionProperties) = preSolution
		HideSolutionNode = FALSE
	EndGlobalSection
	GlobalSection(ExtensibilityGlobals) = postSolution
		SolutionGuid = {85044FBD-BF1D-4171-99C3-6A8CF1725A0D}
	EndGlobalSection
EndGlobal
