
Microsoft Visual Studio Solution File, Format Version 12.00
# Visual Studio Version 17
VisualStudioVersion = 17.2.32616.157
MinimumVisualStudioVersion = 10.0.40219.1
Project("{FAE04EC0-301F-11D3-BF4B-00C04F79EFBC}") = "oop4form0112", "oop4form0112\oop4form0112.csproj", "{031D3CE8-8795-4BF5-A598-D17FACAEE56B}"
EndProject
Global
	GlobalSection(SolutionConfigurationPlatforms) = preSolution
		Debug|Any CPU = Debug|Any CPU
		Release|Any CPU = Release|Any CPU
	EndGlobalSection
	GlobalSection(ProjectConfigurationPlatforms) = postSolution
		{031D3CE8-8795-4BF5-A598-D17FACAEE56B}.Debug|Any CPU.ActiveCfg = Debug|Any CPU
		{031D3CE8-8795-4BF5-A598-D17FACAEE56B}.Debug|Any CPU.Build.0 = Debug|Any CPU
		{031D3CE8-8795-4BF5-A598-D17FACAEE56B}.Release|Any CPU.ActiveCfg = Release|Any CPU
		{031D3CE8-8795-4BF5-A598-D17FACAEE56B}.Release|Any CPU.Build.0 = Release|Any CPU
	EndGlobalSection
	GlobalSection(SolutionProperties) = preSolution
		HideSolutionNode = FALSE
	EndGlobalSection
	GlobalSection(ExtensibilityGlobals) = postSolution
		SolutionGuid = {485E63AF-9E4C-4905-98DA-684DFABFE444}
	EndGlobalSection
EndGlobal
