
Microsoft Visual Studio Solution File, Format Version 12.00
# Visual Studio Version 16
VisualStudioVersion = 16.0.33214.272
MinimumVisualStudioVersion = 10.0.40219.1
Project("{FAE04EC0-301F-11D3-BF4B-00C04F79EFBC}") = "WinForm24", "WinForm24\WinForm24.csproj", "{07B0BB47-D6E3-4A18-8F4B-A021335BFEF5}"
EndProject
Global
	GlobalSection(SolutionConfigurationPlatforms) = preSolution
		Debug|Any CPU = Debug|Any CPU
		Release|Any CPU = Release|Any CPU
	EndGlobalSection
	GlobalSection(ProjectConfigurationPlatforms) = postSolution
		{07B0BB47-D6E3-4A18-8F4B-A021335BFEF5}.Debug|Any CPU.ActiveCfg = Debug|Any CPU
		{07B0BB47-D6E3-4A18-8F4B-A021335BFEF5}.Debug|Any CPU.Build.0 = Debug|Any CPU
		{07B0BB47-D6E3-4A18-8F4B-A021335BFEF5}.Release|Any CPU.ActiveCfg = Release|Any CPU
		{07B0BB47-D6E3-4A18-8F4B-A021335BFEF5}.Release|Any CPU.Build.0 = Release|Any CPU
	EndGlobalSection
	GlobalSection(SolutionProperties) = preSolution
		HideSolutionNode = FALSE
	EndGlobalSection
	GlobalSection(ExtensibilityGlobals) = postSolution
		SolutionGuid = {1883A4E1-8D46-4ED2-AA6D-3F100D1100EF}
	EndGlobalSection
EndGlobal
