
Microsoft Visual Studio Solution File, Format Version 12.00
# Visual Studio Version 16
VisualStudioVersion = 16.0.33214.272
MinimumVisualStudioVersion = 10.0.40219.1
Project("{FAE04EC0-301F-11D3-BF4B-00C04F79EFBC}") = "EntityFramework", "EntityFramework\EntityFramework.csproj", "{DCE3F0BD-2651-45E5-8CD8-F7357D49A24F}"
EndProject
Project("{FAE04EC0-301F-11D3-BF4B-00C04F79EFBC}") = "EntityFrameworkApp", "EntityFrameworkApp\EntityFrameworkApp.csproj", "{84162C46-AA45-4B16-9171-83B0B02E83CC}"
EndProject
Global
	GlobalSection(SolutionConfigurationPlatforms) = preSolution
		Debug|Any CPU = Debug|Any CPU
		Release|Any CPU = Release|Any CPU
	EndGlobalSection
	GlobalSection(ProjectConfigurationPlatforms) = postSolution
		{DCE3F0BD-2651-45E5-8CD8-F7357D49A24F}.Debug|Any CPU.ActiveCfg = Debug|Any CPU
		{DCE3F0BD-2651-45E5-8CD8-F7357D49A24F}.Debug|Any CPU.Build.0 = Debug|Any CPU
		{DCE3F0BD-2651-45E5-8CD8-F7357D49A24F}.Release|Any CPU.ActiveCfg = Release|Any CPU
		{DCE3F0BD-2651-45E5-8CD8-F7357D49A24F}.Release|Any CPU.Build.0 = Release|Any CPU
		{84162C46-AA45-4B16-9171-83B0B02E83CC}.Debug|Any CPU.ActiveCfg = Debug|Any CPU
		{84162C46-AA45-4B16-9171-83B0B02E83CC}.Debug|Any CPU.Build.0 = Debug|Any CPU
		{84162C46-AA45-4B16-9171-83B0B02E83CC}.Release|Any CPU.ActiveCfg = Release|Any CPU
		{84162C46-AA45-4B16-9171-83B0B02E83CC}.Release|Any CPU.Build.0 = Release|Any CPU
	EndGlobalSection
	GlobalSection(SolutionProperties) = preSolution
		HideSolutionNode = FALSE
	EndGlobalSection
	GlobalSection(ExtensibilityGlobals) = postSolution
		SolutionGuid = {8C494027-C613-4E90-97DE-A2B463FC09E0}
	EndGlobalSection
EndGlobal
