
Microsoft Visual Studio Solution File, Format Version 12.00
# Visual Studio Version 16
VisualStudioVersion = 16.0.33214.272
MinimumVisualStudioVersion = 10.0.40219.1
Project("{FAE04EC0-301F-11D3-BF4B-00C04F79EFBC}") = "WinForm15", "WinForm15\WinForm15.csproj", "{64DDFC34-AC5F-49B2-95EF-98CBE2CBC5EF}"
EndProject
Global
	GlobalSection(SolutionConfigurationPlatforms) = preSolution
		Debug|Any CPU = Debug|Any CPU
		Release|Any CPU = Release|Any CPU
	EndGlobalSection
	GlobalSection(ProjectConfigurationPlatforms) = postSolution
		{64DDFC34-AC5F-49B2-95EF-98CBE2CBC5EF}.Debug|Any CPU.ActiveCfg = Debug|Any CPU
		{64DDFC34-AC5F-49B2-95EF-98CBE2CBC5EF}.Debug|Any CPU.Build.0 = Debug|Any CPU
		{64DDFC34-AC5F-49B2-95EF-98CBE2CBC5EF}.Release|Any CPU.ActiveCfg = Release|Any CPU
		{64DDFC34-AC5F-49B2-95EF-98CBE2CBC5EF}.Release|Any CPU.Build.0 = Release|Any CPU
	EndGlobalSection
	GlobalSection(SolutionProperties) = preSolution
		HideSolutionNode = FALSE
	EndGlobalSection
	GlobalSection(ExtensibilityGlobals) = postSolution
		SolutionGuid = {A10AE6BF-CC28-4199-87F3-ED0EC19D76DD}
	EndGlobalSection
EndGlobal
