
Microsoft Visual Studio Solution File, Format Version 12.00
# Visual Studio 15
VisualStudioVersion = 15.0.28307.1433
MinimumVisualStudioVersion = 10.0.40219.1
Project("{FAE04EC0-301F-11D3-BF4B-00C04F79EFBC}") = "odev10", "odev10.csproj", "{C02E806A-F793-4666-B7AB-37C2543C25DD}"
EndProject
Global
	GlobalSection(SolutionConfigurationPlatforms) = preSolution
		Debug|Any CPU = Debug|Any CPU
		Release|Any CPU = Release|Any CPU
	EndGlobalSection
	GlobalSection(ProjectConfigurationPlatforms) = postSolution
		{C02E806A-F793-4666-B7AB-37C2543C25DD}.Debug|Any CPU.ActiveCfg = Debug|Any CPU
		{C02E806A-F793-4666-B7AB-37C2543C25DD}.Debug|Any CPU.Build.0 = Debug|Any CPU
		{C02E806A-F793-4666-B7AB-37C2543C25DD}.Release|Any CPU.ActiveCfg = Release|Any CPU
		{C02E806A-F793-4666-B7AB-37C2543C25DD}.Release|Any CPU.Build.0 = Release|Any CPU
	EndGlobalSection
	GlobalSection(SolutionProperties) = preSolution
		HideSolutionNode = FALSE
	EndGlobalSection
	GlobalSection(ExtensibilityGlobals) = postSolution
		SolutionGuid = {25D5BBB0-25F0-432D-80D2-60CBCD389B65}
	EndGlobalSection
EndGlobal
