
Microsoft Visual Studio Solution File, Format Version 12.00
# Visual Studio Version 17
VisualStudioVersion = 17.2.32616.157
MinimumVisualStudioVersion = 10.0.40219.1
Project("{FAE04EC0-301F-11D3-BF4B-00C04F79EFBC}") = "koleksiyonogrenciform061", "koleksiyonogrenciform061\koleksiyonogrenciform061.csproj", "{45E112C8-7E10-4990-931F-FC386117B1B6}"
EndProject
Global
	GlobalSection(SolutionConfigurationPlatforms) = preSolution
		Debug|Any CPU = Debug|Any CPU
		Release|Any CPU = Release|Any CPU
	EndGlobalSection
	GlobalSection(ProjectConfigurationPlatforms) = postSolution
		{45E112C8-7E10-4990-931F-FC386117B1B6}.Debug|Any CPU.ActiveCfg = Debug|Any CPU
		{45E112C8-7E10-4990-931F-FC386117B1B6}.Debug|Any CPU.Build.0 = Debug|Any CPU
		{45E112C8-7E10-4990-931F-FC386117B1B6}.Release|Any CPU.ActiveCfg = Release|Any CPU
		{45E112C8-7E10-4990-931F-FC386117B1B6}.Release|Any CPU.Build.0 = Release|Any CPU
	EndGlobalSection
	GlobalSection(SolutionProperties) = preSolution
		HideSolutionNode = FALSE
	EndGlobalSection
	GlobalSection(ExtensibilityGlobals) = postSolution
		SolutionGuid = {0865F01F-6ECC-4E72-B603-A80F163429C7}
	EndGlobalSection
EndGlobal
