
Microsoft Visual Studio Solution File, Format Version 12.00
# Visual Studio Version 16
VisualStudioVersion = 16.0.33214.272
MinimumVisualStudioVersion = 10.0.40219.1
Project("{FAE04EC0-301F-11D3-BF4B-00C04F79EFBC}") = "WinForm16", "WinForm16\WinForm16.csproj", "{4F37317E-0EA7-471B-B2FE-267F2A94F463}"
EndProject
Global
	GlobalSection(SolutionConfigurationPlatforms) = preSolution
		Debug|Any CPU = Debug|Any CPU
		Release|Any CPU = Release|Any CPU
	EndGlobalSection
	GlobalSection(ProjectConfigurationPlatforms) = postSolution
		{4F37317E-0EA7-471B-B2FE-267F2A94F463}.Debug|Any CPU.ActiveCfg = Debug|Any CPU
		{4F37317E-0EA7-471B-B2FE-267F2A94F463}.Debug|Any CPU.Build.0 = Debug|Any CPU
		{4F37317E-0EA7-471B-B2FE-267F2A94F463}.Release|Any CPU.ActiveCfg = Release|Any CPU
		{4F37317E-0EA7-471B-B2FE-267F2A94F463}.Release|Any CPU.Build.0 = Release|Any CPU
	EndGlobalSection
	GlobalSection(SolutionProperties) = preSolution
		HideSolutionNode = FALSE
	EndGlobalSection
	GlobalSection(ExtensibilityGlobals) = postSolution
		SolutionGuid = {10DC42F8-7685-4781-9011-069FCA0171CE}
	EndGlobalSection
EndGlobal
