
Microsoft Visual Studio Solution File, Format Version 12.00
# Visual Studio Version 17
VisualStudioVersion = 17.2.32616.157
MinimumVisualStudioVersion = 10.0.40219.1
Project("{FAE04EC0-301F-11D3-BF4B-00C04F79EFBC}") = "oop8formabstract0512", "oop8formabstract0512\oop8formabstract0512.csproj", "{728FF499-D4A5-4BCA-BB3C-F4D5D9479342}"
EndProject
Global
	GlobalSection(SolutionConfigurationPlatforms) = preSolution
		Debug|Any CPU = Debug|Any CPU
		Release|Any CPU = Release|Any CPU
	EndGlobalSection
	GlobalSection(ProjectConfigurationPlatforms) = postSolution
		{728FF499-D4A5-4BCA-BB3C-F4D5D9479342}.Debug|Any CPU.ActiveCfg = Debug|Any CPU
		{728FF499-D4A5-4BCA-BB3C-F4D5D9479342}.Debug|Any CPU.Build.0 = Debug|Any CPU
		{728FF499-D4A5-4BCA-BB3C-F4D5D9479342}.Release|Any CPU.ActiveCfg = Release|Any CPU
		{728FF499-D4A5-4BCA-BB3C-F4D5D9479342}.Release|Any CPU.Build.0 = Release|Any CPU
	EndGlobalSection
	GlobalSection(SolutionProperties) = preSolution
		HideSolutionNode = FALSE
	EndGlobalSection
	GlobalSection(ExtensibilityGlobals) = postSolution
		SolutionGuid = {22B1EBD1-92D1-44A0-91D8-3CAC3F37B571}
	EndGlobalSection
EndGlobal
