
Microsoft Visual Studio Solution File, Format Version 12.00
# Visual Studio Version 17
VisualStudioVersion = 17.4.33122.133
MinimumVisualStudioVersion = 10.0.40219.1
Project("{FAE04EC0-301F-11D3-BF4B-00C04F79EFBC}") = "switchcaseyapilarform0912", "switchcaseyapilarform0912\switchcaseyapilarform0912.csproj", "{8D031C05-805E-4CF9-BF75-AC994AFC3CC1}"
EndProject
Global
	GlobalSection(SolutionConfigurationPlatforms) = preSolution
		Debug|Any CPU = Debug|Any CPU
		Release|Any CPU = Release|Any CPU
	EndGlobalSection
	GlobalSection(ProjectConfigurationPlatforms) = postSolution
		{8D031C05-805E-4CF9-BF75-AC994AFC3CC1}.Debug|Any CPU.ActiveCfg = Debug|Any CPU
		{8D031C05-805E-4CF9-BF75-AC994AFC3CC1}.Debug|Any CPU.Build.0 = Debug|Any CPU
		{8D031C05-805E-4CF9-BF75-AC994AFC3CC1}.Release|Any CPU.ActiveCfg = Release|Any CPU
		{8D031C05-805E-4CF9-BF75-AC994AFC3CC1}.Release|Any CPU.Build.0 = Release|Any CPU
	EndGlobalSection
	GlobalSection(SolutionProperties) = preSolution
		HideSolutionNode = FALSE
	EndGlobalSection
	GlobalSection(ExtensibilityGlobals) = postSolution
		SolutionGuid = {AC7F365F-1C3A-4994-BBDC-06E33E1212DB}
	EndGlobalSection
EndGlobal
