
Microsoft Visual Studio Solution File, Format Version 12.00
# Visual Studio Version 17
VisualStudioVersion = 17.4.33122.133
MinimumVisualStudioVersion = 10.0.40219.1
Project("{FAE04EC0-301F-11D3-BF4B-00C04F79EFBC}") = "oopevent", "oopevent\oopevent.csproj", "{74590D37-EDC2-4D67-8EF8-FA0C71019242}"
EndProject
Global
	GlobalSection(SolutionConfigurationPlatforms) = preSolution
		Debug|Any CPU = Debug|Any CPU
		Release|Any CPU = Release|Any CPU
	EndGlobalSection
	GlobalSection(ProjectConfigurationPlatforms) = postSolution
		{74590D37-EDC2-4D67-8EF8-FA0C71019242}.Debug|Any CPU.ActiveCfg = Debug|Any CPU
		{74590D37-EDC2-4D67-8EF8-FA0C71019242}.Debug|Any CPU.Build.0 = Debug|Any CPU
		{74590D37-EDC2-4D67-8EF8-FA0C71019242}.Release|Any CPU.ActiveCfg = Release|Any CPU
		{74590D37-EDC2-4D67-8EF8-FA0C71019242}.Release|Any CPU.Build.0 = Release|Any CPU
	EndGlobalSection
	GlobalSection(SolutionProperties) = preSolution
		HideSolutionNode = FALSE
	EndGlobalSection
	GlobalSection(ExtensibilityGlobals) = postSolution
		SolutionGuid = {65B4BBF6-3F40-41DF-ABB1-695F71786D93}
	EndGlobalSection
EndGlobal
