
Microsoft Visual Studio Solution File, Format Version 12.00
# Visual Studio Version 17
VisualStudioVersion = 17.2.32616.157
MinimumVisualStudioVersion = 10.0.40219.1
Project("{FAE04EC0-301F-11D3-BF4B-00C04F79EFBC}") = "userpassteacher", "userpassteacher\userpassteacher.csproj", "{72DD9B18-0FAF-4CB8-95D2-82C63B6CEEE9}"
EndProject
Global
	GlobalSection(SolutionConfigurationPlatforms) = preSolution
		Debug|Any CPU = Debug|Any CPU
		Release|Any CPU = Release|Any CPU
	EndGlobalSection
	GlobalSection(ProjectConfigurationPlatforms) = postSolution
		{72DD9B18-0FAF-4CB8-95D2-82C63B6CEEE9}.Debug|Any CPU.ActiveCfg = Debug|Any CPU
		{72DD9B18-0FAF-4CB8-95D2-82C63B6CEEE9}.Debug|Any CPU.Build.0 = Debug|Any CPU
		{72DD9B18-0FAF-4CB8-95D2-82C63B6CEEE9}.Release|Any CPU.ActiveCfg = Release|Any CPU
		{72DD9B18-0FAF-4CB8-95D2-82C63B6CEEE9}.Release|Any CPU.Build.0 = Release|Any CPU
	EndGlobalSection
	GlobalSection(SolutionProperties) = preSolution
		HideSolutionNode = FALSE
	EndGlobalSection
	GlobalSection(ExtensibilityGlobals) = postSolution
		SolutionGuid = {C7450E01-470C-41C7-9227-2FFAE1A454E4}
	EndGlobalSection
EndGlobal
