
Microsoft Visual Studio Solution File, Format Version 12.00
# Visual Studio Version 16
VisualStudioVersion = 16.0.33214.272
MinimumVisualStudioVersion = 10.0.40219.1
Project("{FAE04EC0-301F-11D3-BF4B-00C04F79EFBC}") = "WinForm18", "WinForm18\WinForm18.csproj", "{FAD39959-F029-469A-BEB7-5F3B576B9343}"
EndProject
Global
	GlobalSection(SolutionConfigurationPlatforms) = preSolution
		Debug|Any CPU = Debug|Any CPU
		Release|Any CPU = Release|Any CPU
	EndGlobalSection
	GlobalSection(ProjectConfigurationPlatforms) = postSolution
		{FAD39959-F029-469A-BEB7-5F3B576B9343}.Debug|Any CPU.ActiveCfg = Debug|Any CPU
		{FAD39959-F029-469A-BEB7-5F3B576B9343}.Debug|Any CPU.Build.0 = Debug|Any CPU
		{FAD39959-F029-469A-BEB7-5F3B576B9343}.Release|Any CPU.ActiveCfg = Release|Any CPU
		{FAD39959-F029-469A-BEB7-5F3B576B9343}.Release|Any CPU.Build.0 = Release|Any CPU
	EndGlobalSection
	GlobalSection(SolutionProperties) = preSolution
		HideSolutionNode = FALSE
	EndGlobalSection
	GlobalSection(ExtensibilityGlobals) = postSolution
		SolutionGuid = {F671BC73-802E-4757-8664-92058F3C2C08}
	EndGlobalSection
EndGlobal
