
Microsoft Visual Studio Solution File, Format Version 12.00
# Visual Studio Version 17
VisualStudioVersion = 17.4.33122.133
MinimumVisualStudioVersion = 10.0.40219.1
Project("{FAE04EC0-301F-11D3-BF4B-00C04F79EFBC}") = "delegates", "delegates\delegates.csproj", "{84EDDBDA-8435-4202-AD46-BAA28C3CBBB1}"
EndProject
Global
	GlobalSection(SolutionConfigurationPlatforms) = preSolution
		Debug|Any CPU = Debug|Any CPU
		Release|Any CPU = Release|Any CPU
	EndGlobalSection
	GlobalSection(ProjectConfigurationPlatforms) = postSolution
		{84EDDBDA-8435-4202-AD46-BAA28C3CBBB1}.Debug|Any CPU.ActiveCfg = Debug|Any CPU
		{84EDDBDA-8435-4202-AD46-BAA28C3CBBB1}.Debug|Any CPU.Build.0 = Debug|Any CPU
		{84EDDBDA-8435-4202-AD46-BAA28C3CBBB1}.Release|Any CPU.ActiveCfg = Release|Any CPU
		{84EDDBDA-8435-4202-AD46-BAA28C3CBBB1}.Release|Any CPU.Build.0 = Release|Any CPU
	EndGlobalSection
	GlobalSection(SolutionProperties) = preSolution
		HideSolutionNode = FALSE
	EndGlobalSection
	GlobalSection(ExtensibilityGlobals) = postSolution
		SolutionGuid = {8F93BF5A-E702-46C2-B97A-9396E52A4E7A}
	EndGlobalSection
EndGlobal
