
Microsoft Visual Studio Solution File, Format Version 12.00
# Visual Studio Version 17
VisualStudioVersion = 17.4.33122.133
MinimumVisualStudioVersion = 10.0.40219.1
Project("{FAE04EC0-301F-11D3-BF4B-00C04F79EFBC}") = "struct2812", "struct2812\struct2812.csproj", "{1AFF82DC-BE59-4AC8-A553-2FF273D7681E}"
EndProject
Global
	GlobalSection(SolutionConfigurationPlatforms) = preSolution
		Debug|Any CPU = Debug|Any CPU
		Release|Any CPU = Release|Any CPU
	EndGlobalSection
	GlobalSection(ProjectConfigurationPlatforms) = postSolution
		{1AFF82DC-BE59-4AC8-A553-2FF273D7681E}.Debug|Any CPU.ActiveCfg = Debug|Any CPU
		{1AFF82DC-BE59-4AC8-A553-2FF273D7681E}.Debug|Any CPU.Build.0 = Debug|Any CPU
		{1AFF82DC-BE59-4AC8-A553-2FF273D7681E}.Release|Any CPU.ActiveCfg = Release|Any CPU
		{1AFF82DC-BE59-4AC8-A553-2FF273D7681E}.Release|Any CPU.Build.0 = Release|Any CPU
	EndGlobalSection
	GlobalSection(SolutionProperties) = preSolution
		HideSolutionNode = FALSE
	EndGlobalSection
	GlobalSection(ExtensibilityGlobals) = postSolution
		SolutionGuid = {E8F037D9-1E90-4B09-9532-409D072BC57F}
	EndGlobalSection
EndGlobal
